
Microsoft Visual Studio Solution File, Format Version 12.00
# Visual Studio Version 17
VisualStudioVersion = 17.8.34330.188
MinimumVisualStudioVersion = 10.0.40219.1
Project("{FAE04EC0-301F-11D3-BF4B-00C04F79EFBC}") = "BackendProject", "BackendProject.csproj", "{703751ED-1EE1-418D-8377-DE941D19105D}"
EndProject
Global
	GlobalSection(SolutionConfigurationPlatforms) = preSolution
		Debug|Any CPU = Debug|Any CPU
		Release|Any CPU = Release|Any CPU
	EndGlobalSection
	GlobalSection(ProjectConfigurationPlatforms) = postSolution
		{703751ED-1EE1-418D-8377-DE941D19105D}.Debug|Any CPU.ActiveCfg = Debug|Any CPU
		{703751ED-1EE1-418D-8377-DE941D19105D}.Debug|Any CPU.Build.0 = Debug|Any CPU
		{703751ED-1EE1-418D-8377-DE941D19105D}.Release|Any CPU.ActiveCfg = Release|Any CPU
		{703751ED-1EE1-418D-8377-DE941D19105D}.Release|Any CPU.Build.0 = Release|Any CPU
	EndGlobalSection
	GlobalSection(SolutionProperties) = preSolution
		HideSolutionNode = FALSE
	EndGlobalSection
	GlobalSection(ExtensibilityGlobals) = postSolution
		SolutionGuid = {23B8869D-5260-499B-93D4-3A9B38C1EC48}
	EndGlobalSection
EndGlobal
