
Microsoft Visual Studio Solution File, Format Version 12.00
# Visual Studio Version 17
VisualStudioVersion = 17.1.32210.238
MinimumVisualStudioVersion = 10.0.40219.1
Project("{2150E333-8FDC-42A3-9474-1A3956D46DE8}") = "Microservices", "Microservices", "{52D6FDA9-271F-46EB-B3A6-191DC50608BF}"
EndProject
Project("{9A19103F-16F7-4668-BE54-9A1E7A4F7556}") = "BusinessObjects", "BusinessObjects\BusinessObjects.csproj", "{AD742550-AC90-4EA1-A842-AE7801E52E38}"
EndProject
Project("{9A19103F-16F7-4668-BE54-9A1E7A4F7556}") = "Medsecure-APIGateway", "Medsecure-APIGateway\Medsecure-APIGateway.csproj", "{D61FC404-0E5D-494F-96CC-66280C20356D}"
EndProject
Project("{9A19103F-16F7-4668-BE54-9A1E7A4F7556}") = "DistributionService", "DistributionService\DistributionService.csproj", "{D45241E6-62ED-46E4-A181-EDC72A584D0E}"
EndProject
Project("{9A19103F-16F7-4668-BE54-9A1E7A4F7556}") = "MonitoringService", "MonitoringService\MonitoringService.csproj", "{E69B99B8-7A2F-4DC7-8AD3-7B509CC611FF}"
EndProject
Project("{9A19103F-16F7-4668-BE54-9A1E7A4F7556}") = "PreparationService", "PreparationService\PreparationService.csproj", "{CD3E2EC6-6EAE-4888-BA1A-D973B28DBC2C}"
EndProject
Project("{9A19103F-16F7-4668-BE54-9A1E7A4F7556}") = "PrescriptionService", "PrescriptionService\PrescriptionService.csproj", "{2BAA974E-3751-4FBF-824B-B53B9E366648}"
EndProject
Project("{9A19103F-16F7-4668-BE54-9A1E7A4F7556}") = "StorageService", "StorageService\StorageService.csproj", "{C797A0BD-4B91-4FB7-9333-586E42CF5A19}"
EndProject
Project("{9A19103F-16F7-4668-BE54-9A1E7A4F7556}") = "ValidationService", "ValidationService\ValidationService.csproj", "{FC6DCA0D-1233-412F-BE86-6FFBD898A216}"
EndProject
Global
	GlobalSection(SolutionConfigurationPlatforms) = preSolution
		Debug|Any CPU = Debug|Any CPU
		Release|Any CPU = Release|Any CPU
	EndGlobalSection
	GlobalSection(ProjectConfigurationPlatforms) = postSolution
		{AD742550-AC90-4EA1-A842-AE7801E52E38}.Debug|Any CPU.ActiveCfg = Debug|Any CPU
		{AD742550-AC90-4EA1-A842-AE7801E52E38}.Debug|Any CPU.Build.0 = Debug|Any CPU
		{AD742550-AC90-4EA1-A842-AE7801E52E38}.Release|Any CPU.ActiveCfg = Release|Any CPU
		{AD742550-AC90-4EA1-A842-AE7801E52E38}.Release|Any CPU.Build.0 = Release|Any CPU
		{D61FC404-0E5D-494F-96CC-66280C20356D}.Debug|Any CPU.ActiveCfg = Debug|Any CPU
		{D61FC404-0E5D-494F-96CC-66280C20356D}.Debug|Any CPU.Build.0 = Debug|Any CPU
		{D61FC404-0E5D-494F-96CC-66280C20356D}.Release|Any CPU.ActiveCfg = Release|Any CPU
		{D61FC404-0E5D-494F-96CC-66280C20356D}.Release|Any CPU.Build.0 = Release|Any CPU
		{D45241E6-62ED-46E4-A181-EDC72A584D0E}.Debug|Any CPU.ActiveCfg = Debug|Any CPU
		{D45241E6-62ED-46E4-A181-EDC72A584D0E}.Debug|Any CPU.Build.0 = Debug|Any CPU
		{D45241E6-62ED-46E4-A181-EDC72A584D0E}.Release|Any CPU.ActiveCfg = Release|Any CPU
		{D45241E6-62ED-46E4-A181-EDC72A584D0E}.Release|Any CPU.Build.0 = Release|Any CPU
		{E69B99B8-7A2F-4DC7-8AD3-7B509CC611FF}.Debug|Any CPU.ActiveCfg = Debug|Any CPU
		{E69B99B8-7A2F-4DC7-8AD3-7B509CC611FF}.Debug|Any CPU.Build.0 = Debug|Any CPU
		{E69B99B8-7A2F-4DC7-8AD3-7B509CC611FF}.Release|Any CPU.ActiveCfg = Release|Any CPU
		{E69B99B8-7A2F-4DC7-8AD3-7B509CC611FF}.Release|Any CPU.Build.0 = Release|Any CPU
		{CD3E2EC6-6EAE-4888-BA1A-D973B28DBC2C}.Debug|Any CPU.ActiveCfg = Debug|Any CPU
		{CD3E2EC6-6EAE-4888-BA1A-D973B28DBC2C}.Debug|Any CPU.Build.0 = Debug|Any CPU
		{CD3E2EC6-6EAE-4888-BA1A-D973B28DBC2C}.Release|Any CPU.ActiveCfg = Release|Any CPU
		{CD3E2EC6-6EAE-4888-BA1A-D973B28DBC2C}.Release|Any CPU.Build.0 = Release|Any CPU
		{2BAA974E-3751-4FBF-824B-B53B9E366648}.Debug|Any CPU.ActiveCfg = Debug|Any CPU
		{2BAA974E-3751-4FBF-824B-B53B9E366648}.Debug|Any CPU.Build.0 = Debug|Any CPU
		{2BAA974E-3751-4FBF-824B-B53B9E366648}.Release|Any CPU.ActiveCfg = Release|Any CPU
		{2BAA974E-3751-4FBF-824B-B53B9E366648}.Release|Any CPU.Build.0 = Release|Any CPU
		{C797A0BD-4B91-4FB7-9333-586E42CF5A19}.Debug|Any CPU.ActiveCfg = Debug|Any CPU
		{C797A0BD-4B91-4FB7-9333-586E42CF5A19}.Debug|Any CPU.Build.0 = Debug|Any CPU
		{C797A0BD-4B91-4FB7-9333-586E42CF5A19}.Release|Any CPU.ActiveCfg = Release|Any CPU
		{C797A0BD-4B91-4FB7-9333-586E42CF5A19}.Release|Any CPU.Build.0 = Release|Any CPU
		{FC6DCA0D-1233-412F-BE86-6FFBD898A216}.Debug|Any CPU.ActiveCfg = Debug|Any CPU
		{FC6DCA0D-1233-412F-BE86-6FFBD898A216}.Debug|Any CPU.Build.0 = Debug|Any CPU
		{FC6DCA0D-1233-412F-BE86-6FFBD898A216}.Release|Any CPU.ActiveCfg = Release|Any CPU
		{FC6DCA0D-1233-412F-BE86-6FFBD898A216}.Release|Any CPU.Build.0 = Release|Any CPU
	EndGlobalSection
	GlobalSection(SolutionProperties) = preSolution
		HideSolutionNode = FALSE
	EndGlobalSection
	GlobalSection(NestedProjects) = preSolution
		{D45241E6-62ED-46E4-A181-EDC72A584D0E} = {52D6FDA9-271F-46EB-B3A6-191DC50608BF}
		{E69B99B8-7A2F-4DC7-8AD3-7B509CC611FF} = {52D6FDA9-271F-46EB-B3A6-191DC50608BF}
		{CD3E2EC6-6EAE-4888-BA1A-D973B28DBC2C} = {52D6FDA9-271F-46EB-B3A6-191DC50608BF}
		{2BAA974E-3751-4FBF-824B-B53B9E366648} = {52D6FDA9-271F-46EB-B3A6-191DC50608BF}
		{C797A0BD-4B91-4FB7-9333-586E42CF5A19} = {52D6FDA9-271F-46EB-B3A6-191DC50608BF}
		{FC6DCA0D-1233-412F-BE86-6FFBD898A216} = {52D6FDA9-271F-46EB-B3A6-191DC50608BF}
	EndGlobalSection
	GlobalSection(ExtensibilityGlobals) = postSolution
		SolutionGuid = {CDF4154A-F95F-447C-B9ED-5FA25B02C96D}
	EndGlobalSection
EndGlobal
